<Solution>
  <Configurations>
    <Platform Name="ARM64" />
    <Platform Name="x64" />
    <Platform Name="x86" />
  </Configurations>
  <Folder Name="/솔루션 항목/">
    <File Path=".editorconfig" />
  </Folder>
  <Project Path="MyNotes.Common/MyNotes.Common.csproj" Id="bd6710ff-b85e-48fd-806c-34525bf8751f">
    <Platform Solution="*|ARM64" Project="ARM64" />
    <Platform Solution="*|x64" Project="x64" />
    <Platform Solution="*|x86" Project="x86" />
  </Project>
  <Project Path="MyNotes.Package/MyNotes.Package.wapproj" Type="c7167f0d-bc9f-4e6e-afe1-012c56b48db5">
    <Deploy />
  </Project>
  <Project Path="MyNotes.Services/MyNotes.Services.csproj" Id="df97f811-ff43-43ea-bf37-902e0417ee2c">
    <Platform Solution="*|ARM64" Project="ARM64" />
    <Platform Solution="*|x64" Project="x64" />
    <Platform Solution="*|x86" Project="x86" />
  </Project>
  <Project Path="MyNotes.Templates/MyNotes.Templates.csproj" Id="0273b1f2-725c-486a-8490-3ab564ae93bd">
    <Platform Solution="*|ARM64" Project="ARM64" />
    <Platform Solution="*|x64" Project="x64" />
    <Platform Solution="*|x86" Project="x86" />
  </Project>
  <Project Path="MyNotes.Widget/MyNotes.Widget.csproj" Id="995e186e-3f1a-497d-a201-852032941386">
    <Platform Solution="*|ARM64" Project="ARM64" />
    <Platform Solution="*|x64" Project="x64" />
    <Platform Solution="*|x86" Project="x86" />
  </Project>
  <Project Path="MyNotes/MyNotes.csproj">
    <Platform Solution="*|ARM64" Project="ARM64" />
    <Platform Solution="*|x64" Project="x64" />
    <Platform Solution="*|x86" Project="x86" />
  </Project>
</Solution>
